{
  "version": 4,
  "terraform_version": "1.4.5",
  "serial": 37,
  "lineage": "15f7162f-06e7-5799-b6be-a4942989378e",
  "outputs": {
    "connection_strings": {
      "value": "mongodb+srv://atlasclustername.pdfcpvq.mongodb.net",
      "type": "string"
    },
    "project_Name": {
      "value": "DAA",
      "type": "string"
    },
    "username": {
      "value": "6467afe9a5a40c1566e7d5c8",
      "type": "string"
    }
  },
  "resources": [
    {
      "mode": "managed",
      "type": "mongodbatlas_cluster",
      "name": "my_cluster",
      "provider": "provider[\"registry.terraform.io/mongodb/mongodbatlas\"]",
      "instances": [
        {
          "schema_version": 1,
          "attributes": {
            "advanced_configuration": [
              {
                "default_read_concern": "",
                "default_write_concern": "",
                "fail_index_key_too_long": false,
                "javascript_enabled": true,
                "minimum_enabled_tls_protocol": "TLS1_2",
                "no_table_scan": false,
                "oplog_min_retention_hours": 0,
                "oplog_size_mb": 0,
                "sample_refresh_interval_bi_connector": 0,
                "sample_size_bi_connector": 0
              }
            ],
            "auto_scaling_compute_enabled": false,
            "auto_scaling_compute_scale_down_enabled": false,
            "auto_scaling_disk_gb_enabled": false,
            "backing_provider_name": "AWS",
            "backup_enabled": false,
            "bi_connector": null,
            "bi_connector_config": [
              {
                "enabled": false,
                "read_preference": "secondary"
              }
            ],
            "cloud_backup": false,
            "cluster_id": "6467afed04b5e028bf009960",
            "cluster_type": "REPLICASET",
            "connection_strings": [
              {
                "aws_private_link": {},
                "aws_private_link_srv": {},
                "private": "",
                "private_endpoint": [],
                "private_srv": "",
                "standard": "mongodb://ac-x2xmpk5-shard-00-00.pdfcpvq.mongodb.net:27017,ac-x2xmpk5-shard-00-01.pdfcpvq.mongodb.net:27017,ac-x2xmpk5-shard-00-02.pdfcpvq.mongodb.net:27017/?ssl=true\u0026authSource=admin\u0026replicaSet=atlas-nnwlzc-shard-0",
                "standard_srv": "mongodb+srv://atlasclustername.pdfcpvq.mongodb.net"
              }
            ],
            "container_id": null,
            "disk_size_gb": 2,
            "encryption_at_rest_provider": "NONE",
            "id": "Y2x1c3Rlcl9pZA==:NjQ2N2FmZWQwNGI1ZTAyOGJmMDA5OTYw-Y2x1c3Rlcl9uYW1l:YXRsYXNDbHVzdGVyTmFtZQ==-cHJvamVjdF9pZA==:NjQ2N2FmZTlhNWE0MGMxNTY2ZTdkNWM4-cHJvdmlkZXJfbmFtZQ==:VEVOQU5U",
            "labels": [],
            "mongo_db_major_version": "6.0",
            "mongo_db_version": "6.0.6",
            "mongo_uri": "mongodb://ac-x2xmpk5-shard-00-00.pdfcpvq.mongodb.net:27017,ac-x2xmpk5-shard-00-01.pdfcpvq.mongodb.net:27017,ac-x2xmpk5-shard-00-02.pdfcpvq.mongodb.net:27017",
            "mongo_uri_updated": "2023-05-19T17:21:00Z",
            "mongo_uri_with_options": "mongodb://ac-x2xmpk5-shard-00-00.pdfcpvq.mongodb.net:27017,ac-x2xmpk5-shard-00-01.pdfcpvq.mongodb.net:27017,ac-x2xmpk5-shard-00-02.pdfcpvq.mongodb.net:27017/?ssl=true\u0026authSource=admin\u0026replicaSet=atlas-nnwlzc-shard-0",
            "name": "atlasClusterName",
            "num_shards": 1,
            "paused": false,
            "pit_enabled": false,
            "project_id": "6467afe9a5a40c1566e7d5c8",
            "provider_auto_scaling_compute_max_instance_size": "",
            "provider_auto_scaling_compute_min_instance_size": "",
            "provider_backup_enabled": false,
            "provider_disk_iops": null,
            "provider_disk_type_name": "",
            "provider_encrypt_ebs_volume": null,
            "provider_encrypt_ebs_volume_flag": null,
            "provider_instance_size_name": "M2",
            "provider_name": "TENANT",
            "provider_region_name": "US_EAST_1",
            "provider_volume_type": "",
            "replication_factor": 3,
            "replication_specs": [
              {
                "id": "6467afed04b5e028bf00995a",
                "num_shards": 1,
                "regions_config": [
                  {
                    "analytics_nodes": 0,
                    "electable_nodes": 3,
                    "priority": 7,
                    "read_only_nodes": 0,
                    "region_name": "US_EAST_1"
                  }
                ],
                "zone_name": "Zone 1"
              }
            ],
            "snapshot_backup_policy": [],
            "srv_address": "mongodb+srv://atlasclustername.pdfcpvq.mongodb.net",
            "state_name": "IDLE",
            "termination_protection_enabled": false,
            "timeouts": null,
            "version_release_system": "LTS"
          },
          "sensitive_attributes": [],
          "private": "eyJlMmJmYjczMC1lY2FhLTExZTYtOGY4OC0zNDM2M2JjN2M0YzAiOnsiY3JlYXRlIjoxMDgwMDAwMDAwMDAwMCwiZGVsZXRlIjoxMDgwMDAwMDAwMDAwMCwidXBkYXRlIjoxMDgwMDAwMDAwMDAwMH0sInNjaGVtYV92ZXJzaW9uIjoiMSJ9",
          "dependencies": [
            "mongodbatlas_project.my_project"
          ]
        }
      ]
    },
    {
      "mode": "managed",
      "type": "mongodbatlas_database_user",
      "name": "my_user",
      "provider": "provider[\"registry.terraform.io/mongodb/mongodbatlas\"]",
      "instances": [
        {
          "schema_version": 0,
          "attributes": {
            "auth_database_name": "admin",
            "aws_iam_type": "NONE",
            "database_name": null,
            "id": "YXV0aF9kYXRhYmFzZV9uYW1l:YWRtaW4=-cHJvamVjdF9pZA==:NjQ2N2FmZTlhNWE0MGMxNTY2ZTdkNWM4-dXNlcm5hbWU=:TTEw",
            "labels": [],
            "ldap_auth_type": "NONE",
            "password": "Eshwar333",
            "project_id": "6467afe9a5a40c1566e7d5c8",
            "roles": [
              {
                "collection_name": "",
                "database_name": "admin",
                "role_name": "atlasAdmin"
              }
            ],
            "scopes": [],
            "username": "M10",
            "x509_type": "NONE"
          },
          "sensitive_attributes": [],
          "private": "bnVsbA==",
          "dependencies": [
            "mongodbatlas_project.my_project"
          ]
        }
      ]
    },
    {
      "mode": "managed",
      "type": "mongodbatlas_project",
      "name": "my_project",
      "provider": "provider[\"registry.terraform.io/mongodb/mongodbatlas\"]",
      "instances": [
        {
          "schema_version": 0,
          "attributes": {
            "api_keys": [
              {
                "api_key_id": "6463a4d9e1cf0f0b8dff6480",
                "role_names": [
                  "GROUP_OWNER"
                ]
              }
            ],
            "cluster_count": 0,
            "created": "2023-05-19T17:20:42Z",
            "id": "6467afe9a5a40c1566e7d5c8",
            "is_collect_database_specifics_statistics_enabled": true,
            "is_data_explorer_enabled": true,
            "is_performance_advisor_enabled": true,
            "is_realtime_performance_panel_enabled": true,
            "is_schema_advisor_enabled": true,
            "name": "DAA",
            "org_id": "645e6f6de8decd22e464f9fe",
            "project_owner_id": null,
            "region_usage_restrictions": null,
            "teams": [],
            "with_default_alerts_settings": true
          },
          "sensitive_attributes": [],
          "private": "bnVsbA=="
        }
      ]
    },
    {
      "mode": "managed",
      "type": "mongodbatlas_project_ip_access_list",
      "name": "my_ipaddress",
      "provider": "provider[\"registry.terraform.io/mongodb/mongodbatlas\"]",
      "instances": [
        {
          "schema_version": 0,
          "attributes": {
            "aws_security_group": "",
            "cidr_block": "128.107.241.179/32",
            "comment": "My IP Address",
            "id": "ZW50cnk=:MTI4LjEwNy4yNDEuMTc5-cHJvamVjdF9pZA==:NjQ2N2FmZTlhNWE0MGMxNTY2ZTdkNWM4",
            "ip_address": "128.107.241.179",
            "project_id": "6467afe9a5a40c1566e7d5c8",
            "timeouts": null
          },
          "sensitive_attributes": [],
          "private": "eyJlMmJmYjczMC1lY2FhLTExZTYtOGY4OC0zNDM2M2JjN2M0YzAiOnsiZGVsZXRlIjoyNzAwMDAwMDAwMDAwLCJyZWFkIjoyNzAwMDAwMDAwMDAwfX0=",
          "dependencies": [
            "mongodbatlas_project.my_project"
          ]
        }
      ]
    }
  ],
  "check_results": null
}
